
Microsoft Visual Studio Solution File, Format Version 12.00
# Visual Studio 15
VisualStudioVersion = 15.0.28010.2016
MinimumVisualStudioVersion = 10.0.40219.1
Project("{FAE04EC0-301F-11D3-BF4B-00C04F79EFBC}") = "Generator", "Generator\Generator.csproj", "{D50DF242-8986-4AFF-9DAB-E2A8375750D4}"
EndProject
Project("{FAE04EC0-301F-11D3-BF4B-00C04F79EFBC}") = "PayslipTestLibrary", "PayslipTestLibrary\PayslipTestLibrary.csproj", "{1281E5C8-91B3-40D0-93FD-FA0578843257}"
EndProject
Global
	GlobalSection(SolutionConfigurationPlatforms) = preSolution
		Debug|Any CPU = Debug|Any CPU
		Release|Any CPU = Release|Any CPU
	EndGlobalSection
	GlobalSection(ProjectConfigurationPlatforms) = postSolution
		{D50DF242-8986-4AFF-9DAB-E2A8375750D4}.Debug|Any CPU.ActiveCfg = Debug|Any CPU
		{D50DF242-8986-4AFF-9DAB-E2A8375750D4}.Debug|Any CPU.Build.0 = Debug|Any CPU
		{D50DF242-8986-4AFF-9DAB-E2A8375750D4}.Release|Any CPU.ActiveCfg = Release|Any CPU
		{D50DF242-8986-4AFF-9DAB-E2A8375750D4}.Release|Any CPU.Build.0 = Release|Any CPU
		{1281E5C8-91B3-40D0-93FD-FA0578843257}.Debug|Any CPU.ActiveCfg = Debug|Any CPU
		{1281E5C8-91B3-40D0-93FD-FA0578843257}.Debug|Any CPU.Build.0 = Debug|Any CPU
		{1281E5C8-91B3-40D0-93FD-FA0578843257}.Release|Any CPU.ActiveCfg = Release|Any CPU
		{1281E5C8-91B3-40D0-93FD-FA0578843257}.Release|Any CPU.Build.0 = Release|Any CPU
	EndGlobalSection
	GlobalSection(SolutionProperties) = preSolution
		HideSolutionNode = FALSE
	EndGlobalSection
	GlobalSection(ExtensibilityGlobals) = postSolution
		SolutionGuid = {0B6C307A-D503-426D-8A13-2FB446F3D8CB}
	EndGlobalSection
EndGlobal
